
Microsoft Visual Studio Solution File, Format Version 12.00
# Visual Studio 15
VisualStudioVersion = 15.0.26124.0
MinimumVisualStudioVersion = 15.0.26124.0
Project("{2150E333-8FDC-42A3-9474-1A3956D46DE8}") = "src", "src", "{09BE181F-9983-48CC-B5C2-F8AE49B34314}"
EndProject
Project("{FAE04EC0-301F-11D3-BF4B-00C04F79EFBC}") = "Maktub.CrossCuttingConcerns", "src\CrossCuttingConcerns\Maktub.CrossCuttingConcerns.csproj", "{7A5F33C1-CACC-4CAC-8EA6-C5DE6911F97B}"
EndProject
Project("{FAE04EC0-301F-11D3-BF4B-00C04F79EFBC}") = "Maktub.Domain", "src\Domain\Maktub.Domain.csproj", "{9729646F-B208-4C1A-AEFF-3A60437EC189}"
EndProject
Project("{FAE04EC0-301F-11D3-BF4B-00C04F79EFBC}") = "Maktub.Infrastructure", "src\Infrastructure\Maktub.Infrastructure.csproj", "{60A8C568-4986-47E7-94E9-E06F35BC04C7}"
EndProject
Project("{FAE04EC0-301F-11D3-BF4B-00C04F79EFBC}") = "Maktub.Persistance", "src\Persistance\Maktub.Persistance.csproj", "{D6D0DB52-CDBD-4414-9568-0401A3B763F2}"
EndProject
Project("{FAE04EC0-301F-11D3-BF4B-00C04F79EFBC}") = "Maktub.Application", "src\Application\Maktub.Application.csproj", "{A1A2917E-F0FE-448E-9FCF-D72431F4DA16}"
EndProject
Global
	GlobalSection(SolutionConfigurationPlatforms) = preSolution
		Debug|Any CPU = Debug|Any CPU
		Debug|x64 = Debug|x64
		Debug|x86 = Debug|x86
		Release|Any CPU = Release|Any CPU
		Release|x64 = Release|x64
		Release|x86 = Release|x86
	EndGlobalSection
	GlobalSection(SolutionProperties) = preSolution
		HideSolutionNode = FALSE
	EndGlobalSection
	GlobalSection(ProjectConfigurationPlatforms) = postSolution
		{7A5F33C1-CACC-4CAC-8EA6-C5DE6911F97B}.Debug|Any CPU.ActiveCfg = Debug|Any CPU
		{7A5F33C1-CACC-4CAC-8EA6-C5DE6911F97B}.Debug|Any CPU.Build.0 = Debug|Any CPU
		{7A5F33C1-CACC-4CAC-8EA6-C5DE6911F97B}.Debug|x64.ActiveCfg = Debug|Any CPU
		{7A5F33C1-CACC-4CAC-8EA6-C5DE6911F97B}.Debug|x64.Build.0 = Debug|Any CPU
		{7A5F33C1-CACC-4CAC-8EA6-C5DE6911F97B}.Debug|x86.ActiveCfg = Debug|Any CPU
		{7A5F33C1-CACC-4CAC-8EA6-C5DE6911F97B}.Debug|x86.Build.0 = Debug|Any CPU
		{7A5F33C1-CACC-4CAC-8EA6-C5DE6911F97B}.Release|Any CPU.ActiveCfg = Release|Any CPU
		{7A5F33C1-CACC-4CAC-8EA6-C5DE6911F97B}.Release|Any CPU.Build.0 = Release|Any CPU
		{7A5F33C1-CACC-4CAC-8EA6-C5DE6911F97B}.Release|x64.ActiveCfg = Release|Any CPU
		{7A5F33C1-CACC-4CAC-8EA6-C5DE6911F97B}.Release|x64.Build.0 = Release|Any CPU
		{7A5F33C1-CACC-4CAC-8EA6-C5DE6911F97B}.Release|x86.ActiveCfg = Release|Any CPU
		{7A5F33C1-CACC-4CAC-8EA6-C5DE6911F97B}.Release|x86.Build.0 = Release|Any CPU
		{9729646F-B208-4C1A-AEFF-3A60437EC189}.Debug|Any CPU.ActiveCfg = Debug|Any CPU
		{9729646F-B208-4C1A-AEFF-3A60437EC189}.Debug|Any CPU.Build.0 = Debug|Any CPU
		{9729646F-B208-4C1A-AEFF-3A60437EC189}.Debug|x64.ActiveCfg = Debug|Any CPU
		{9729646F-B208-4C1A-AEFF-3A60437EC189}.Debug|x64.Build.0 = Debug|Any CPU
		{9729646F-B208-4C1A-AEFF-3A60437EC189}.Debug|x86.ActiveCfg = Debug|Any CPU
		{9729646F-B208-4C1A-AEFF-3A60437EC189}.Debug|x86.Build.0 = Debug|Any CPU
		{9729646F-B208-4C1A-AEFF-3A60437EC189}.Release|Any CPU.ActiveCfg = Release|Any CPU
		{9729646F-B208-4C1A-AEFF-3A60437EC189}.Release|Any CPU.Build.0 = Release|Any CPU
		{9729646F-B208-4C1A-AEFF-3A60437EC189}.Release|x64.ActiveCfg = Release|Any CPU
		{9729646F-B208-4C1A-AEFF-3A60437EC189}.Release|x64.Build.0 = Release|Any CPU
		{9729646F-B208-4C1A-AEFF-3A60437EC189}.Release|x86.ActiveCfg = Release|Any CPU
		{9729646F-B208-4C1A-AEFF-3A60437EC189}.Release|x86.Build.0 = Release|Any CPU
		{60A8C568-4986-47E7-94E9-E06F35BC04C7}.Debug|Any CPU.ActiveCfg = Debug|Any CPU
		{60A8C568-4986-47E7-94E9-E06F35BC04C7}.Debug|Any CPU.Build.0 = Debug|Any CPU
		{60A8C568-4986-47E7-94E9-E06F35BC04C7}.Debug|x64.ActiveCfg = Debug|Any CPU
		{60A8C568-4986-47E7-94E9-E06F35BC04C7}.Debug|x64.Build.0 = Debug|Any CPU
		{60A8C568-4986-47E7-94E9-E06F35BC04C7}.Debug|x86.ActiveCfg = Debug|Any CPU
		{60A8C568-4986-47E7-94E9-E06F35BC04C7}.Debug|x86.Build.0 = Debug|Any CPU
		{60A8C568-4986-47E7-94E9-E06F35BC04C7}.Release|Any CPU.ActiveCfg = Release|Any CPU
		{60A8C568-4986-47E7-94E9-E06F35BC04C7}.Release|Any CPU.Build.0 = Release|Any CPU
		{60A8C568-4986-47E7-94E9-E06F35BC04C7}.Release|x64.ActiveCfg = Release|Any CPU
		{60A8C568-4986-47E7-94E9-E06F35BC04C7}.Release|x64.Build.0 = Release|Any CPU
		{60A8C568-4986-47E7-94E9-E06F35BC04C7}.Release|x86.ActiveCfg = Release|Any CPU
		{60A8C568-4986-47E7-94E9-E06F35BC04C7}.Release|x86.Build.0 = Release|Any CPU
		{D6D0DB52-CDBD-4414-9568-0401A3B763F2}.Debug|Any CPU.ActiveCfg = Debug|Any CPU
		{D6D0DB52-CDBD-4414-9568-0401A3B763F2}.Debug|Any CPU.Build.0 = Debug|Any CPU
		{D6D0DB52-CDBD-4414-9568-0401A3B763F2}.Debug|x64.ActiveCfg = Debug|Any CPU
		{D6D0DB52-CDBD-4414-9568-0401A3B763F2}.Debug|x64.Build.0 = Debug|Any CPU
		{D6D0DB52-CDBD-4414-9568-0401A3B763F2}.Debug|x86.ActiveCfg = Debug|Any CPU
		{D6D0DB52-CDBD-4414-9568-0401A3B763F2}.Debug|x86.Build.0 = Debug|Any CPU
		{D6D0DB52-CDBD-4414-9568-0401A3B763F2}.Release|Any CPU.ActiveCfg = Release|Any CPU
		{D6D0DB52-CDBD-4414-9568-0401A3B763F2}.Release|Any CPU.Build.0 = Release|Any CPU
		{D6D0DB52-CDBD-4414-9568-0401A3B763F2}.Release|x64.ActiveCfg = Release|Any CPU
		{D6D0DB52-CDBD-4414-9568-0401A3B763F2}.Release|x64.Build.0 = Release|Any CPU
		{D6D0DB52-CDBD-4414-9568-0401A3B763F2}.Release|x86.ActiveCfg = Release|Any CPU
		{D6D0DB52-CDBD-4414-9568-0401A3B763F2}.Release|x86.Build.0 = Release|Any CPU
		{A1A2917E-F0FE-448E-9FCF-D72431F4DA16}.Debug|Any CPU.ActiveCfg = Debug|Any CPU
		{A1A2917E-F0FE-448E-9FCF-D72431F4DA16}.Debug|Any CPU.Build.0 = Debug|Any CPU
		{A1A2917E-F0FE-448E-9FCF-D72431F4DA16}.Debug|x64.ActiveCfg = Debug|Any CPU
		{A1A2917E-F0FE-448E-9FCF-D72431F4DA16}.Debug|x64.Build.0 = Debug|Any CPU
		{A1A2917E-F0FE-448E-9FCF-D72431F4DA16}.Debug|x86.ActiveCfg = Debug|Any CPU
		{A1A2917E-F0FE-448E-9FCF-D72431F4DA16}.Debug|x86.Build.0 = Debug|Any CPU
		{A1A2917E-F0FE-448E-9FCF-D72431F4DA16}.Release|Any CPU.ActiveCfg = Release|Any CPU
		{A1A2917E-F0FE-448E-9FCF-D72431F4DA16}.Release|Any CPU.Build.0 = Release|Any CPU
		{A1A2917E-F0FE-448E-9FCF-D72431F4DA16}.Release|x64.ActiveCfg = Release|Any CPU
		{A1A2917E-F0FE-448E-9FCF-D72431F4DA16}.Release|x64.Build.0 = Release|Any CPU
		{A1A2917E-F0FE-448E-9FCF-D72431F4DA16}.Release|x86.ActiveCfg = Release|Any CPU
		{A1A2917E-F0FE-448E-9FCF-D72431F4DA16}.Release|x86.Build.0 = Release|Any CPU
	EndGlobalSection
	GlobalSection(NestedProjects) = preSolution
		{7A5F33C1-CACC-4CAC-8EA6-C5DE6911F97B} = {09BE181F-9983-48CC-B5C2-F8AE49B34314}
		{9729646F-B208-4C1A-AEFF-3A60437EC189} = {09BE181F-9983-48CC-B5C2-F8AE49B34314}
		{60A8C568-4986-47E7-94E9-E06F35BC04C7} = {09BE181F-9983-48CC-B5C2-F8AE49B34314}
		{D6D0DB52-CDBD-4414-9568-0401A3B763F2} = {09BE181F-9983-48CC-B5C2-F8AE49B34314}
		{A1A2917E-F0FE-448E-9FCF-D72431F4DA16} = {09BE181F-9983-48CC-B5C2-F8AE49B34314}
	EndGlobalSection
EndGlobal
