
Microsoft Visual Studio Solution File, Format Version 12.00
# Visual Studio Version 16
VisualStudioVersion = 16.0.29519.87
MinimumVisualStudioVersion = 15.0.26124.0
Project("{2150E333-8FDC-42A3-9474-1A3956D46DE8}") = "src", "src", "{09BE181F-9983-48CC-B5C2-F8AE49B34314}"
EndProject
Project("{9A19103F-16F7-4668-BE54-9A1E7A4F7556}") = "Maktub.Domain", "src\Domain\Maktub.Domain.csproj", "{9729646F-B208-4C1A-AEFF-3A60437EC189}"
EndProject
Project("{9A19103F-16F7-4668-BE54-9A1E7A4F7556}") = "Maktub.Infrastructure", "src\Infrastructure\Maktub.Infrastructure.csproj", "{60A8C568-4986-47E7-94E9-E06F35BC04C7}"
EndProject
Project("{9A19103F-16F7-4668-BE54-9A1E7A4F7556}") = "Maktub.Persistance", "src\Persistance\Maktub.Persistance.csproj", "{D6D0DB52-CDBD-4414-9568-0401A3B763F2}"
EndProject
Project("{9A19103F-16F7-4668-BE54-9A1E7A4F7556}") = "Maktub.Presentation", "src\Presentation\Maktub.Presentation.csproj", "{0694D9EB-32BC-4DC7-A27C-B10F13B60739}"
EndProject
Project("{9A19103F-16F7-4668-BE54-9A1E7A4F7556}") = "Maktub.Application", "src\Application\Maktub.Application.csproj", "{6F583B10-FF90-48C6-87D7-CBB6179729C2}"
EndProject
Project("{9A19103F-16F7-4668-BE54-9A1E7A4F7556}") = "Maktub.CrossCuttingConcerns", "src\CrossCuttingConcerns\Maktub.CrossCuttingConcerns.csproj", "{B9CEB33E-A497-405D-8529-08FA7AB9D0C2}"
EndProject
Global
	GlobalSection(SolutionConfigurationPlatforms) = preSolution
		Debug|Any CPU = Debug|Any CPU
		Debug|x64 = Debug|x64
		Debug|x86 = Debug|x86
		Release|Any CPU = Release|Any CPU
		Release|x64 = Release|x64
		Release|x86 = Release|x86
	EndGlobalSection
	GlobalSection(ProjectConfigurationPlatforms) = postSolution
		{9729646F-B208-4C1A-AEFF-3A60437EC189}.Debug|Any CPU.ActiveCfg = Debug|Any CPU
		{9729646F-B208-4C1A-AEFF-3A60437EC189}.Debug|Any CPU.Build.0 = Debug|Any CPU
		{9729646F-B208-4C1A-AEFF-3A60437EC189}.Debug|x64.ActiveCfg = Debug|Any CPU
		{9729646F-B208-4C1A-AEFF-3A60437EC189}.Debug|x64.Build.0 = Debug|Any CPU
		{9729646F-B208-4C1A-AEFF-3A60437EC189}.Debug|x86.ActiveCfg = Debug|Any CPU
		{9729646F-B208-4C1A-AEFF-3A60437EC189}.Debug|x86.Build.0 = Debug|Any CPU
		{9729646F-B208-4C1A-AEFF-3A60437EC189}.Release|Any CPU.ActiveCfg = Release|Any CPU
		{9729646F-B208-4C1A-AEFF-3A60437EC189}.Release|Any CPU.Build.0 = Release|Any CPU
		{9729646F-B208-4C1A-AEFF-3A60437EC189}.Release|x64.ActiveCfg = Release|Any CPU
		{9729646F-B208-4C1A-AEFF-3A60437EC189}.Release|x64.Build.0 = Release|Any CPU
		{9729646F-B208-4C1A-AEFF-3A60437EC189}.Release|x86.ActiveCfg = Release|Any CPU
		{9729646F-B208-4C1A-AEFF-3A60437EC189}.Release|x86.Build.0 = Release|Any CPU
		{60A8C568-4986-47E7-94E9-E06F35BC04C7}.Debug|Any CPU.ActiveCfg = Debug|Any CPU
		{60A8C568-4986-47E7-94E9-E06F35BC04C7}.Debug|Any CPU.Build.0 = Debug|Any CPU
		{60A8C568-4986-47E7-94E9-E06F35BC04C7}.Debug|x64.ActiveCfg = Debug|Any CPU
		{60A8C568-4986-47E7-94E9-E06F35BC04C7}.Debug|x64.Build.0 = Debug|Any CPU
		{60A8C568-4986-47E7-94E9-E06F35BC04C7}.Debug|x86.ActiveCfg = Debug|Any CPU
		{60A8C568-4986-47E7-94E9-E06F35BC04C7}.Debug|x86.Build.0 = Debug|Any CPU
		{60A8C568-4986-47E7-94E9-E06F35BC04C7}.Release|Any CPU.ActiveCfg = Release|Any CPU
		{60A8C568-4986-47E7-94E9-E06F35BC04C7}.Release|Any CPU.Build.0 = Release|Any CPU
		{60A8C568-4986-47E7-94E9-E06F35BC04C7}.Release|x64.ActiveCfg = Release|Any CPU
		{60A8C568-4986-47E7-94E9-E06F35BC04C7}.Release|x64.Build.0 = Release|Any CPU
		{60A8C568-4986-47E7-94E9-E06F35BC04C7}.Release|x86.ActiveCfg = Release|Any CPU
		{60A8C568-4986-47E7-94E9-E06F35BC04C7}.Release|x86.Build.0 = Release|Any CPU
		{D6D0DB52-CDBD-4414-9568-0401A3B763F2}.Debug|Any CPU.ActiveCfg = Debug|Any CPU
		{D6D0DB52-CDBD-4414-9568-0401A3B763F2}.Debug|Any CPU.Build.0 = Debug|Any CPU
		{D6D0DB52-CDBD-4414-9568-0401A3B763F2}.Debug|x64.ActiveCfg = Debug|Any CPU
		{D6D0DB52-CDBD-4414-9568-0401A3B763F2}.Debug|x64.Build.0 = Debug|Any CPU
		{D6D0DB52-CDBD-4414-9568-0401A3B763F2}.Debug|x86.ActiveCfg = Debug|Any CPU
		{D6D0DB52-CDBD-4414-9568-0401A3B763F2}.Debug|x86.Build.0 = Debug|Any CPU
		{D6D0DB52-CDBD-4414-9568-0401A3B763F2}.Release|Any CPU.ActiveCfg = Release|Any CPU
		{D6D0DB52-CDBD-4414-9568-0401A3B763F2}.Release|Any CPU.Build.0 = Release|Any CPU
		{D6D0DB52-CDBD-4414-9568-0401A3B763F2}.Release|x64.ActiveCfg = Release|Any CPU
		{D6D0DB52-CDBD-4414-9568-0401A3B763F2}.Release|x64.Build.0 = Release|Any CPU
		{D6D0DB52-CDBD-4414-9568-0401A3B763F2}.Release|x86.ActiveCfg = Release|Any CPU
		{D6D0DB52-CDBD-4414-9568-0401A3B763F2}.Release|x86.Build.0 = Release|Any CPU
		{0694D9EB-32BC-4DC7-A27C-B10F13B60739}.Debug|Any CPU.ActiveCfg = Debug|Any CPU
		{0694D9EB-32BC-4DC7-A27C-B10F13B60739}.Debug|Any CPU.Build.0 = Debug|Any CPU
		{0694D9EB-32BC-4DC7-A27C-B10F13B60739}.Debug|x64.ActiveCfg = Debug|Any CPU
		{0694D9EB-32BC-4DC7-A27C-B10F13B60739}.Debug|x64.Build.0 = Debug|Any CPU
		{0694D9EB-32BC-4DC7-A27C-B10F13B60739}.Debug|x86.ActiveCfg = Debug|Any CPU
		{0694D9EB-32BC-4DC7-A27C-B10F13B60739}.Debug|x86.Build.0 = Debug|Any CPU
		{0694D9EB-32BC-4DC7-A27C-B10F13B60739}.Release|Any CPU.ActiveCfg = Release|Any CPU
		{0694D9EB-32BC-4DC7-A27C-B10F13B60739}.Release|Any CPU.Build.0 = Release|Any CPU
		{0694D9EB-32BC-4DC7-A27C-B10F13B60739}.Release|x64.ActiveCfg = Release|Any CPU
		{0694D9EB-32BC-4DC7-A27C-B10F13B60739}.Release|x64.Build.0 = Release|Any CPU
		{0694D9EB-32BC-4DC7-A27C-B10F13B60739}.Release|x86.ActiveCfg = Release|Any CPU
		{0694D9EB-32BC-4DC7-A27C-B10F13B60739}.Release|x86.Build.0 = Release|Any CPU
		{6F583B10-FF90-48C6-87D7-CBB6179729C2}.Debug|Any CPU.ActiveCfg = Debug|Any CPU
		{6F583B10-FF90-48C6-87D7-CBB6179729C2}.Debug|Any CPU.Build.0 = Debug|Any CPU
		{6F583B10-FF90-48C6-87D7-CBB6179729C2}.Debug|x64.ActiveCfg = Debug|Any CPU
		{6F583B10-FF90-48C6-87D7-CBB6179729C2}.Debug|x64.Build.0 = Debug|Any CPU
		{6F583B10-FF90-48C6-87D7-CBB6179729C2}.Debug|x86.ActiveCfg = Debug|Any CPU
		{6F583B10-FF90-48C6-87D7-CBB6179729C2}.Debug|x86.Build.0 = Debug|Any CPU
		{6F583B10-FF90-48C6-87D7-CBB6179729C2}.Release|Any CPU.ActiveCfg = Release|Any CPU
		{6F583B10-FF90-48C6-87D7-CBB6179729C2}.Release|Any CPU.Build.0 = Release|Any CPU
		{6F583B10-FF90-48C6-87D7-CBB6179729C2}.Release|x64.ActiveCfg = Release|Any CPU
		{6F583B10-FF90-48C6-87D7-CBB6179729C2}.Release|x64.Build.0 = Release|Any CPU
		{6F583B10-FF90-48C6-87D7-CBB6179729C2}.Release|x86.ActiveCfg = Release|Any CPU
		{6F583B10-FF90-48C6-87D7-CBB6179729C2}.Release|x86.Build.0 = Release|Any CPU
		{B9CEB33E-A497-405D-8529-08FA7AB9D0C2}.Debug|Any CPU.ActiveCfg = Debug|Any CPU
		{B9CEB33E-A497-405D-8529-08FA7AB9D0C2}.Debug|Any CPU.Build.0 = Debug|Any CPU
		{B9CEB33E-A497-405D-8529-08FA7AB9D0C2}.Debug|x64.ActiveCfg = Debug|Any CPU
		{B9CEB33E-A497-405D-8529-08FA7AB9D0C2}.Debug|x64.Build.0 = Debug|Any CPU
		{B9CEB33E-A497-405D-8529-08FA7AB9D0C2}.Debug|x86.ActiveCfg = Debug|Any CPU
		{B9CEB33E-A497-405D-8529-08FA7AB9D0C2}.Debug|x86.Build.0 = Debug|Any CPU
		{B9CEB33E-A497-405D-8529-08FA7AB9D0C2}.Release|Any CPU.ActiveCfg = Release|Any CPU
		{B9CEB33E-A497-405D-8529-08FA7AB9D0C2}.Release|Any CPU.Build.0 = Release|Any CPU
		{B9CEB33E-A497-405D-8529-08FA7AB9D0C2}.Release|x64.ActiveCfg = Release|Any CPU
		{B9CEB33E-A497-405D-8529-08FA7AB9D0C2}.Release|x64.Build.0 = Release|Any CPU
		{B9CEB33E-A497-405D-8529-08FA7AB9D0C2}.Release|x86.ActiveCfg = Release|Any CPU
		{B9CEB33E-A497-405D-8529-08FA7AB9D0C2}.Release|x86.Build.0 = Release|Any CPU
	EndGlobalSection
	GlobalSection(SolutionProperties) = preSolution
		HideSolutionNode = FALSE
	EndGlobalSection
	GlobalSection(NestedProjects) = preSolution
		{9729646F-B208-4C1A-AEFF-3A60437EC189} = {09BE181F-9983-48CC-B5C2-F8AE49B34314}
		{60A8C568-4986-47E7-94E9-E06F35BC04C7} = {09BE181F-9983-48CC-B5C2-F8AE49B34314}
		{D6D0DB52-CDBD-4414-9568-0401A3B763F2} = {09BE181F-9983-48CC-B5C2-F8AE49B34314}
		{0694D9EB-32BC-4DC7-A27C-B10F13B60739} = {09BE181F-9983-48CC-B5C2-F8AE49B34314}
		{6F583B10-FF90-48C6-87D7-CBB6179729C2} = {09BE181F-9983-48CC-B5C2-F8AE49B34314}
		{B9CEB33E-A497-405D-8529-08FA7AB9D0C2} = {09BE181F-9983-48CC-B5C2-F8AE49B34314}
	EndGlobalSection
	GlobalSection(ExtensibilityGlobals) = postSolution
		SolutionGuid = {896563FA-5A09-4B52-80BD-E30105E2C740}
	EndGlobalSection
EndGlobal
