
Microsoft Visual Studio Solution File, Format Version 12.00
# Visual Studio Version 16
VisualStudioVersion = 16.0.29519.87
MinimumVisualStudioVersion = 15.0.26124.0
Project("{9A19103F-16F7-4668-BE54-9A1E7A4F7556}") = "Maktoob.Domain", "src\Maktoob.Domain\Maktoob.Domain.csproj", "{C308DB58-9348-4F90-8C48-846CDB59F97C}"
EndProject
Project("{9A19103F-16F7-4668-BE54-9A1E7A4F7556}") = "Maktoob.Infrastructure", "src\Maktoob.Infrastructure\Maktoob.Infrastructure.csproj", "{814A8133-B285-4CA8-98FB-76607A668B32}"
EndProject
Project("{9A19103F-16F7-4668-BE54-9A1E7A4F7556}") = "Maktoob.CrossCuttingConcerns", "src\Maktoob.CrossCuttingConcerns\Maktoob.CrossCuttingConcerns.csproj", "{CD7E9F47-E937-48AC-BABA-F441F17D301A}"
EndProject
Project("{9A19103F-16F7-4668-BE54-9A1E7A4F7556}") = "Maktoob.Application", "src\Maktoob.Application\Maktoob.Application.csproj", "{72108044-F98F-4C93-9ED9-85CAE139D9F7}"
EndProject
Project("{9A19103F-16F7-4668-BE54-9A1E7A4F7556}") = "Maktoob.Persistance", "src\Maktoob.Persistance\Maktoob.Persistance.csproj", "{9D3B91BF-FA02-4CCE-8A9E-8BB3BA7C409C}"
EndProject
Project("{9A19103F-16F7-4668-BE54-9A1E7A4F7556}") = "Maktoob.SPA", "src\Maktoob.SPA\Maktoob.SPA.csproj", "{A918BF55-58B5-419A-925C-A3CADCC4782F}"
EndProject
Project("{9A19103F-16F7-4668-BE54-9A1E7A4F7556}") = "Maktoob.WebApi", "src\Maktoob.WebApi\Maktoob.WebApi.csproj", "{C904A48D-1DBC-4C8A-B92D-FE0EF28890B1}"
EndProject
Project("{2150E333-8FDC-42A3-9474-1A3956D46DE8}") = "Solution Items", "Solution Items", "{60A35EA1-2C37-4999-BA2C-DAEADE2B1090}"
	ProjectSection(SolutionItems) = preProject
		Resources.Designer.t4 = Resources.Designer.t4
	EndProjectSection
EndProject
Project("{2150E333-8FDC-42A3-9474-1A3956D46DE8}") = "Core", "Core", "{5AC92600-6A19-11EA-8870-BD5F83B7F588}"
EndProject
Project("{2150E333-8FDC-42A3-9474-1A3956D46DE8}") = "Persistence", "Persistence", "{E39A2C40-6A19-11EA-860E-EDC845D0CCFE}"
EndProject
Project("{2150E333-8FDC-42A3-9474-1A3956D46DE8}") = "Presentation", "Presentation", "{5CE3D330-6A1A-11EA-9E17-9B2AE36C22B8}"
EndProject
Project("{2150E333-8FDC-42A3-9474-1A3956D46DE8}") = "Infrastructure", "Infrastructure", "{07AEDEE0-6A20-11EA-B70B-8F2A53B73448}"
EndProject
Project("{2150E333-8FDC-42A3-9474-1A3956D46DE8}") = "CrossCuttingConcerns", "CrossCuttingConcerns", "{112B9CB0-6A20-11EA-B70B-8F2A53B73448}"
EndProject
Project("{2150E333-8FDC-42A3-9474-1A3956D46DE8}") = "Tests", "Tests", "{6B13B4A0-6A21-11EA-B70B-8F2A53B73448}"
EndProject
Project("{9A19103F-16F7-4668-BE54-9A1E7A4F7556}") = "Maktoob.FunctionalTests", "tests\Maktoob.FunctionalTests\Maktoob.FunctionalTests.csproj", "{AEB7E1DB-12A3-43E5-9C5C-5DCDE13FD0F0}"
EndProject
Project("{9A19103F-16F7-4668-BE54-9A1E7A4F7556}") = "Maktoob.UnitTests", "tests\Maktoob.UnitTests\Maktoob.UnitTests.csproj", "{75152201-AD70-4A75-8873-4FDC5E3177FE}"
EndProject
Project("{FAE04EC0-301F-11D3-BF4B-00C04F79EFBC}") = "Maktoob.IntegrationTests", "tests\Maktoob.IntegrationTests\Maktoob.IntegrationTests.csproj", "{5C87833D-8CAF-45B5-A03B-63ADDF584ED6}"
EndProject
Global
	GlobalSection(SolutionConfigurationPlatforms) = preSolution
		Debug|Any CPU = Debug|Any CPU
		Debug|x64 = Debug|x64
		Debug|x86 = Debug|x86
		Release|Any CPU = Release|Any CPU
		Release|x64 = Release|x64
		Release|x86 = Release|x86
	EndGlobalSection
	GlobalSection(ProjectConfigurationPlatforms) = postSolution
		{C308DB58-9348-4F90-8C48-846CDB59F97C}.Debug|Any CPU.ActiveCfg = Debug|Any CPU
		{C308DB58-9348-4F90-8C48-846CDB59F97C}.Debug|Any CPU.Build.0 = Debug|Any CPU
		{C308DB58-9348-4F90-8C48-846CDB59F97C}.Debug|x64.ActiveCfg = Debug|Any CPU
		{C308DB58-9348-4F90-8C48-846CDB59F97C}.Debug|x64.Build.0 = Debug|Any CPU
		{C308DB58-9348-4F90-8C48-846CDB59F97C}.Debug|x86.ActiveCfg = Debug|Any CPU
		{C308DB58-9348-4F90-8C48-846CDB59F97C}.Debug|x86.Build.0 = Debug|Any CPU
		{C308DB58-9348-4F90-8C48-846CDB59F97C}.Release|Any CPU.ActiveCfg = Release|Any CPU
		{C308DB58-9348-4F90-8C48-846CDB59F97C}.Release|Any CPU.Build.0 = Release|Any CPU
		{C308DB58-9348-4F90-8C48-846CDB59F97C}.Release|x64.ActiveCfg = Release|Any CPU
		{C308DB58-9348-4F90-8C48-846CDB59F97C}.Release|x64.Build.0 = Release|Any CPU
		{C308DB58-9348-4F90-8C48-846CDB59F97C}.Release|x86.ActiveCfg = Release|Any CPU
		{C308DB58-9348-4F90-8C48-846CDB59F97C}.Release|x86.Build.0 = Release|Any CPU
		{814A8133-B285-4CA8-98FB-76607A668B32}.Debug|Any CPU.ActiveCfg = Debug|Any CPU
		{814A8133-B285-4CA8-98FB-76607A668B32}.Debug|Any CPU.Build.0 = Debug|Any CPU
		{814A8133-B285-4CA8-98FB-76607A668B32}.Debug|x64.ActiveCfg = Debug|Any CPU
		{814A8133-B285-4CA8-98FB-76607A668B32}.Debug|x64.Build.0 = Debug|Any CPU
		{814A8133-B285-4CA8-98FB-76607A668B32}.Debug|x86.ActiveCfg = Debug|Any CPU
		{814A8133-B285-4CA8-98FB-76607A668B32}.Debug|x86.Build.0 = Debug|Any CPU
		{814A8133-B285-4CA8-98FB-76607A668B32}.Release|Any CPU.ActiveCfg = Release|Any CPU
		{814A8133-B285-4CA8-98FB-76607A668B32}.Release|Any CPU.Build.0 = Release|Any CPU
		{814A8133-B285-4CA8-98FB-76607A668B32}.Release|x64.ActiveCfg = Release|Any CPU
		{814A8133-B285-4CA8-98FB-76607A668B32}.Release|x64.Build.0 = Release|Any CPU
		{814A8133-B285-4CA8-98FB-76607A668B32}.Release|x86.ActiveCfg = Release|Any CPU
		{814A8133-B285-4CA8-98FB-76607A668B32}.Release|x86.Build.0 = Release|Any CPU
		{CD7E9F47-E937-48AC-BABA-F441F17D301A}.Debug|Any CPU.ActiveCfg = Debug|Any CPU
		{CD7E9F47-E937-48AC-BABA-F441F17D301A}.Debug|Any CPU.Build.0 = Debug|Any CPU
		{CD7E9F47-E937-48AC-BABA-F441F17D301A}.Debug|x64.ActiveCfg = Debug|Any CPU
		{CD7E9F47-E937-48AC-BABA-F441F17D301A}.Debug|x64.Build.0 = Debug|Any CPU
		{CD7E9F47-E937-48AC-BABA-F441F17D301A}.Debug|x86.ActiveCfg = Debug|Any CPU
		{CD7E9F47-E937-48AC-BABA-F441F17D301A}.Debug|x86.Build.0 = Debug|Any CPU
		{CD7E9F47-E937-48AC-BABA-F441F17D301A}.Release|Any CPU.ActiveCfg = Release|Any CPU
		{CD7E9F47-E937-48AC-BABA-F441F17D301A}.Release|Any CPU.Build.0 = Release|Any CPU
		{CD7E9F47-E937-48AC-BABA-F441F17D301A}.Release|x64.ActiveCfg = Release|Any CPU
		{CD7E9F47-E937-48AC-BABA-F441F17D301A}.Release|x64.Build.0 = Release|Any CPU
		{CD7E9F47-E937-48AC-BABA-F441F17D301A}.Release|x86.ActiveCfg = Release|Any CPU
		{CD7E9F47-E937-48AC-BABA-F441F17D301A}.Release|x86.Build.0 = Release|Any CPU
		{72108044-F98F-4C93-9ED9-85CAE139D9F7}.Debug|Any CPU.ActiveCfg = Debug|Any CPU
		{72108044-F98F-4C93-9ED9-85CAE139D9F7}.Debug|Any CPU.Build.0 = Debug|Any CPU
		{72108044-F98F-4C93-9ED9-85CAE139D9F7}.Debug|x64.ActiveCfg = Debug|Any CPU
		{72108044-F98F-4C93-9ED9-85CAE139D9F7}.Debug|x64.Build.0 = Debug|Any CPU
		{72108044-F98F-4C93-9ED9-85CAE139D9F7}.Debug|x86.ActiveCfg = Debug|Any CPU
		{72108044-F98F-4C93-9ED9-85CAE139D9F7}.Debug|x86.Build.0 = Debug|Any CPU
		{72108044-F98F-4C93-9ED9-85CAE139D9F7}.Release|Any CPU.ActiveCfg = Release|Any CPU
		{72108044-F98F-4C93-9ED9-85CAE139D9F7}.Release|Any CPU.Build.0 = Release|Any CPU
		{72108044-F98F-4C93-9ED9-85CAE139D9F7}.Release|x64.ActiveCfg = Release|Any CPU
		{72108044-F98F-4C93-9ED9-85CAE139D9F7}.Release|x64.Build.0 = Release|Any CPU
		{72108044-F98F-4C93-9ED9-85CAE139D9F7}.Release|x86.ActiveCfg = Release|Any CPU
		{72108044-F98F-4C93-9ED9-85CAE139D9F7}.Release|x86.Build.0 = Release|Any CPU
		{9D3B91BF-FA02-4CCE-8A9E-8BB3BA7C409C}.Debug|Any CPU.ActiveCfg = Debug|Any CPU
		{9D3B91BF-FA02-4CCE-8A9E-8BB3BA7C409C}.Debug|Any CPU.Build.0 = Debug|Any CPU
		{9D3B91BF-FA02-4CCE-8A9E-8BB3BA7C409C}.Debug|x64.ActiveCfg = Debug|Any CPU
		{9D3B91BF-FA02-4CCE-8A9E-8BB3BA7C409C}.Debug|x64.Build.0 = Debug|Any CPU
		{9D3B91BF-FA02-4CCE-8A9E-8BB3BA7C409C}.Debug|x86.ActiveCfg = Debug|Any CPU
		{9D3B91BF-FA02-4CCE-8A9E-8BB3BA7C409C}.Debug|x86.Build.0 = Debug|Any CPU
		{9D3B91BF-FA02-4CCE-8A9E-8BB3BA7C409C}.Release|Any CPU.ActiveCfg = Release|Any CPU
		{9D3B91BF-FA02-4CCE-8A9E-8BB3BA7C409C}.Release|Any CPU.Build.0 = Release|Any CPU
		{9D3B91BF-FA02-4CCE-8A9E-8BB3BA7C409C}.Release|x64.ActiveCfg = Release|Any CPU
		{9D3B91BF-FA02-4CCE-8A9E-8BB3BA7C409C}.Release|x64.Build.0 = Release|Any CPU
		{9D3B91BF-FA02-4CCE-8A9E-8BB3BA7C409C}.Release|x86.ActiveCfg = Release|Any CPU
		{9D3B91BF-FA02-4CCE-8A9E-8BB3BA7C409C}.Release|x86.Build.0 = Release|Any CPU
		{A918BF55-58B5-419A-925C-A3CADCC4782F}.Debug|Any CPU.ActiveCfg = Debug|Any CPU
		{A918BF55-58B5-419A-925C-A3CADCC4782F}.Debug|Any CPU.Build.0 = Debug|Any CPU
		{A918BF55-58B5-419A-925C-A3CADCC4782F}.Debug|x64.ActiveCfg = Debug|Any CPU
		{A918BF55-58B5-419A-925C-A3CADCC4782F}.Debug|x64.Build.0 = Debug|Any CPU
		{A918BF55-58B5-419A-925C-A3CADCC4782F}.Debug|x86.ActiveCfg = Debug|Any CPU
		{A918BF55-58B5-419A-925C-A3CADCC4782F}.Debug|x86.Build.0 = Debug|Any CPU
		{A918BF55-58B5-419A-925C-A3CADCC4782F}.Release|Any CPU.ActiveCfg = Release|Any CPU
		{A918BF55-58B5-419A-925C-A3CADCC4782F}.Release|Any CPU.Build.0 = Release|Any CPU
		{A918BF55-58B5-419A-925C-A3CADCC4782F}.Release|x64.ActiveCfg = Release|Any CPU
		{A918BF55-58B5-419A-925C-A3CADCC4782F}.Release|x64.Build.0 = Release|Any CPU
		{A918BF55-58B5-419A-925C-A3CADCC4782F}.Release|x86.ActiveCfg = Release|Any CPU
		{A918BF55-58B5-419A-925C-A3CADCC4782F}.Release|x86.Build.0 = Release|Any CPU
		{C904A48D-1DBC-4C8A-B92D-FE0EF28890B1}.Debug|Any CPU.ActiveCfg = Debug|Any CPU
		{C904A48D-1DBC-4C8A-B92D-FE0EF28890B1}.Debug|Any CPU.Build.0 = Debug|Any CPU
		{C904A48D-1DBC-4C8A-B92D-FE0EF28890B1}.Debug|x64.ActiveCfg = Debug|Any CPU
		{C904A48D-1DBC-4C8A-B92D-FE0EF28890B1}.Debug|x64.Build.0 = Debug|Any CPU
		{C904A48D-1DBC-4C8A-B92D-FE0EF28890B1}.Debug|x86.ActiveCfg = Debug|Any CPU
		{C904A48D-1DBC-4C8A-B92D-FE0EF28890B1}.Debug|x86.Build.0 = Debug|Any CPU
		{C904A48D-1DBC-4C8A-B92D-FE0EF28890B1}.Release|Any CPU.ActiveCfg = Release|Any CPU
		{C904A48D-1DBC-4C8A-B92D-FE0EF28890B1}.Release|Any CPU.Build.0 = Release|Any CPU
		{C904A48D-1DBC-4C8A-B92D-FE0EF28890B1}.Release|x64.ActiveCfg = Release|Any CPU
		{C904A48D-1DBC-4C8A-B92D-FE0EF28890B1}.Release|x64.Build.0 = Release|Any CPU
		{C904A48D-1DBC-4C8A-B92D-FE0EF28890B1}.Release|x86.ActiveCfg = Release|Any CPU
		{C904A48D-1DBC-4C8A-B92D-FE0EF28890B1}.Release|x86.Build.0 = Release|Any CPU
		{AEB7E1DB-12A3-43E5-9C5C-5DCDE13FD0F0}.Debug|Any CPU.ActiveCfg = Debug|Any CPU
		{AEB7E1DB-12A3-43E5-9C5C-5DCDE13FD0F0}.Debug|Any CPU.Build.0 = Debug|Any CPU
		{AEB7E1DB-12A3-43E5-9C5C-5DCDE13FD0F0}.Debug|x64.ActiveCfg = Debug|Any CPU
		{AEB7E1DB-12A3-43E5-9C5C-5DCDE13FD0F0}.Debug|x64.Build.0 = Debug|Any CPU
		{AEB7E1DB-12A3-43E5-9C5C-5DCDE13FD0F0}.Debug|x86.ActiveCfg = Debug|Any CPU
		{AEB7E1DB-12A3-43E5-9C5C-5DCDE13FD0F0}.Debug|x86.Build.0 = Debug|Any CPU
		{AEB7E1DB-12A3-43E5-9C5C-5DCDE13FD0F0}.Release|Any CPU.ActiveCfg = Release|Any CPU
		{AEB7E1DB-12A3-43E5-9C5C-5DCDE13FD0F0}.Release|Any CPU.Build.0 = Release|Any CPU
		{AEB7E1DB-12A3-43E5-9C5C-5DCDE13FD0F0}.Release|x64.ActiveCfg = Release|Any CPU
		{AEB7E1DB-12A3-43E5-9C5C-5DCDE13FD0F0}.Release|x64.Build.0 = Release|Any CPU
		{AEB7E1DB-12A3-43E5-9C5C-5DCDE13FD0F0}.Release|x86.ActiveCfg = Release|Any CPU
		{AEB7E1DB-12A3-43E5-9C5C-5DCDE13FD0F0}.Release|x86.Build.0 = Release|Any CPU
		{75152201-AD70-4A75-8873-4FDC5E3177FE}.Debug|Any CPU.ActiveCfg = Debug|Any CPU
		{75152201-AD70-4A75-8873-4FDC5E3177FE}.Debug|Any CPU.Build.0 = Debug|Any CPU
		{75152201-AD70-4A75-8873-4FDC5E3177FE}.Debug|x64.ActiveCfg = Debug|Any CPU
		{75152201-AD70-4A75-8873-4FDC5E3177FE}.Debug|x64.Build.0 = Debug|Any CPU
		{75152201-AD70-4A75-8873-4FDC5E3177FE}.Debug|x86.ActiveCfg = Debug|Any CPU
		{75152201-AD70-4A75-8873-4FDC5E3177FE}.Debug|x86.Build.0 = Debug|Any CPU
		{75152201-AD70-4A75-8873-4FDC5E3177FE}.Release|Any CPU.ActiveCfg = Release|Any CPU
		{75152201-AD70-4A75-8873-4FDC5E3177FE}.Release|Any CPU.Build.0 = Release|Any CPU
		{75152201-AD70-4A75-8873-4FDC5E3177FE}.Release|x64.ActiveCfg = Release|Any CPU
		{75152201-AD70-4A75-8873-4FDC5E3177FE}.Release|x64.Build.0 = Release|Any CPU
		{75152201-AD70-4A75-8873-4FDC5E3177FE}.Release|x86.ActiveCfg = Release|Any CPU
		{75152201-AD70-4A75-8873-4FDC5E3177FE}.Release|x86.Build.0 = Release|Any CPU
		{5C87833D-8CAF-45B5-A03B-63ADDF584ED6}.Debug|Any CPU.ActiveCfg = Debug|Any CPU
		{5C87833D-8CAF-45B5-A03B-63ADDF584ED6}.Debug|Any CPU.Build.0 = Debug|Any CPU
		{5C87833D-8CAF-45B5-A03B-63ADDF584ED6}.Debug|x64.ActiveCfg = Debug|Any CPU
		{5C87833D-8CAF-45B5-A03B-63ADDF584ED6}.Debug|x64.Build.0 = Debug|Any CPU
		{5C87833D-8CAF-45B5-A03B-63ADDF584ED6}.Debug|x86.ActiveCfg = Debug|Any CPU
		{5C87833D-8CAF-45B5-A03B-63ADDF584ED6}.Debug|x86.Build.0 = Debug|Any CPU
		{5C87833D-8CAF-45B5-A03B-63ADDF584ED6}.Release|Any CPU.ActiveCfg = Release|Any CPU
		{5C87833D-8CAF-45B5-A03B-63ADDF584ED6}.Release|Any CPU.Build.0 = Release|Any CPU
		{5C87833D-8CAF-45B5-A03B-63ADDF584ED6}.Release|x64.ActiveCfg = Release|Any CPU
		{5C87833D-8CAF-45B5-A03B-63ADDF584ED6}.Release|x64.Build.0 = Release|Any CPU
		{5C87833D-8CAF-45B5-A03B-63ADDF584ED6}.Release|x86.ActiveCfg = Release|Any CPU
		{5C87833D-8CAF-45B5-A03B-63ADDF584ED6}.Release|x86.Build.0 = Release|Any CPU
	EndGlobalSection
	GlobalSection(SolutionProperties) = preSolution
		HideSolutionNode = FALSE
	EndGlobalSection
	GlobalSection(NestedProjects) = preSolution
		{C308DB58-9348-4F90-8C48-846CDB59F97C} = {5AC92600-6A19-11EA-8870-BD5F83B7F588}
		{814A8133-B285-4CA8-98FB-76607A668B32} = {07AEDEE0-6A20-11EA-B70B-8F2A53B73448}
		{CD7E9F47-E937-48AC-BABA-F441F17D301A} = {112B9CB0-6A20-11EA-B70B-8F2A53B73448}
		{72108044-F98F-4C93-9ED9-85CAE139D9F7} = {5AC92600-6A19-11EA-8870-BD5F83B7F588}
		{9D3B91BF-FA02-4CCE-8A9E-8BB3BA7C409C} = {E39A2C40-6A19-11EA-860E-EDC845D0CCFE}
		{A918BF55-58B5-419A-925C-A3CADCC4782F} = {5CE3D330-6A1A-11EA-9E17-9B2AE36C22B8}
		{C904A48D-1DBC-4C8A-B92D-FE0EF28890B1} = {5CE3D330-6A1A-11EA-9E17-9B2AE36C22B8}
		{AEB7E1DB-12A3-43E5-9C5C-5DCDE13FD0F0} = {6B13B4A0-6A21-11EA-B70B-8F2A53B73448}
		{75152201-AD70-4A75-8873-4FDC5E3177FE} = {6B13B4A0-6A21-11EA-B70B-8F2A53B73448}
		{5C87833D-8CAF-45B5-A03B-63ADDF584ED6} = {6B13B4A0-6A21-11EA-B70B-8F2A53B73448}
	EndGlobalSection
	GlobalSection(ExtensibilityGlobals) = postSolution
		RESX_PrefixTranslations = False
		SolutionGuid = {896563FA-5A09-4B52-80BD-E30105E2C740}
	EndGlobalSection
EndGlobal
