
Microsoft Visual Studio Solution File, Format Version 12.00
# Visual Studio Version 16
VisualStudioVersion = 16.0.29519.87
MinimumVisualStudioVersion = 15.0.26124.0
Project("{2150E333-8FDC-42A3-9474-1A3956D46DE8}") = "src", "src", "{09BE181F-9983-48CC-B5C2-F8AE49B34314}"
EndProject
Project("{FAE04EC0-301F-11D3-BF4B-00C04F79EFBC}") = "Maktub.Domain", "src\Maktub.Domain\Maktub.Domain.csproj", "{C308DB58-9348-4F90-8C48-846CDB59F97C}"
EndProject
Project("{FAE04EC0-301F-11D3-BF4B-00C04F79EFBC}") = "Maktub.Presentation", "src\Maktub.Presentation\Maktub.Presentation.csproj", "{68871374-87F0-42F3-A936-1D3D0C0D2D76}"
EndProject
Project("{FAE04EC0-301F-11D3-BF4B-00C04F79EFBC}") = "Maktub.Infrastructure", "src\Maktub.Infrastructure\Maktub.Infrastructure.csproj", "{814A8133-B285-4CA8-98FB-76607A668B32}"
EndProject
Project("{FAE04EC0-301F-11D3-BF4B-00C04F79EFBC}") = "Maktub.CrossCuttingConcerns", "src\Maktub.CrossCuttingConcerns\Maktub.CrossCuttingConcerns.csproj", "{CD7E9F47-E937-48AC-BABA-F441F17D301A}"
EndProject
Project("{FAE04EC0-301F-11D3-BF4B-00C04F79EFBC}") = "Maktub.Application", "src\Maktub.Application\Maktub.Application.csproj", "{72108044-F98F-4C93-9ED9-85CAE139D9F7}"
EndProject
Project("{FAE04EC0-301F-11D3-BF4B-00C04F79EFBC}") = "Maktub.Persistance", "src\Maktub.Persistance\Maktub.Persistance.csproj", "{9D3B91BF-FA02-4CCE-8A9E-8BB3BA7C409C}"
EndProject
Global
	GlobalSection(SolutionConfigurationPlatforms) = preSolution
		Debug|Any CPU = Debug|Any CPU
		Debug|x64 = Debug|x64
		Debug|x86 = Debug|x86
		Release|Any CPU = Release|Any CPU
		Release|x64 = Release|x64
		Release|x86 = Release|x86
	EndGlobalSection
	GlobalSection(ProjectConfigurationPlatforms) = postSolution
		{C308DB58-9348-4F90-8C48-846CDB59F97C}.Debug|Any CPU.ActiveCfg = Debug|Any CPU
		{C308DB58-9348-4F90-8C48-846CDB59F97C}.Debug|Any CPU.Build.0 = Debug|Any CPU
		{C308DB58-9348-4F90-8C48-846CDB59F97C}.Debug|x64.ActiveCfg = Debug|Any CPU
		{C308DB58-9348-4F90-8C48-846CDB59F97C}.Debug|x64.Build.0 = Debug|Any CPU
		{C308DB58-9348-4F90-8C48-846CDB59F97C}.Debug|x86.ActiveCfg = Debug|Any CPU
		{C308DB58-9348-4F90-8C48-846CDB59F97C}.Debug|x86.Build.0 = Debug|Any CPU
		{C308DB58-9348-4F90-8C48-846CDB59F97C}.Release|Any CPU.ActiveCfg = Release|Any CPU
		{C308DB58-9348-4F90-8C48-846CDB59F97C}.Release|Any CPU.Build.0 = Release|Any CPU
		{C308DB58-9348-4F90-8C48-846CDB59F97C}.Release|x64.ActiveCfg = Release|Any CPU
		{C308DB58-9348-4F90-8C48-846CDB59F97C}.Release|x64.Build.0 = Release|Any CPU
		{C308DB58-9348-4F90-8C48-846CDB59F97C}.Release|x86.ActiveCfg = Release|Any CPU
		{C308DB58-9348-4F90-8C48-846CDB59F97C}.Release|x86.Build.0 = Release|Any CPU
		{68871374-87F0-42F3-A936-1D3D0C0D2D76}.Debug|Any CPU.ActiveCfg = Debug|Any CPU
		{68871374-87F0-42F3-A936-1D3D0C0D2D76}.Debug|Any CPU.Build.0 = Debug|Any CPU
		{68871374-87F0-42F3-A936-1D3D0C0D2D76}.Debug|x64.ActiveCfg = Debug|Any CPU
		{68871374-87F0-42F3-A936-1D3D0C0D2D76}.Debug|x64.Build.0 = Debug|Any CPU
		{68871374-87F0-42F3-A936-1D3D0C0D2D76}.Debug|x86.ActiveCfg = Debug|Any CPU
		{68871374-87F0-42F3-A936-1D3D0C0D2D76}.Debug|x86.Build.0 = Debug|Any CPU
		{68871374-87F0-42F3-A936-1D3D0C0D2D76}.Release|Any CPU.ActiveCfg = Release|Any CPU
		{68871374-87F0-42F3-A936-1D3D0C0D2D76}.Release|Any CPU.Build.0 = Release|Any CPU
		{68871374-87F0-42F3-A936-1D3D0C0D2D76}.Release|x64.ActiveCfg = Release|Any CPU
		{68871374-87F0-42F3-A936-1D3D0C0D2D76}.Release|x64.Build.0 = Release|Any CPU
		{68871374-87F0-42F3-A936-1D3D0C0D2D76}.Release|x86.ActiveCfg = Release|Any CPU
		{68871374-87F0-42F3-A936-1D3D0C0D2D76}.Release|x86.Build.0 = Release|Any CPU
		{814A8133-B285-4CA8-98FB-76607A668B32}.Debug|Any CPU.ActiveCfg = Debug|Any CPU
		{814A8133-B285-4CA8-98FB-76607A668B32}.Debug|Any CPU.Build.0 = Debug|Any CPU
		{814A8133-B285-4CA8-98FB-76607A668B32}.Debug|x64.ActiveCfg = Debug|Any CPU
		{814A8133-B285-4CA8-98FB-76607A668B32}.Debug|x64.Build.0 = Debug|Any CPU
		{814A8133-B285-4CA8-98FB-76607A668B32}.Debug|x86.ActiveCfg = Debug|Any CPU
		{814A8133-B285-4CA8-98FB-76607A668B32}.Debug|x86.Build.0 = Debug|Any CPU
		{814A8133-B285-4CA8-98FB-76607A668B32}.Release|Any CPU.ActiveCfg = Release|Any CPU
		{814A8133-B285-4CA8-98FB-76607A668B32}.Release|Any CPU.Build.0 = Release|Any CPU
		{814A8133-B285-4CA8-98FB-76607A668B32}.Release|x64.ActiveCfg = Release|Any CPU
		{814A8133-B285-4CA8-98FB-76607A668B32}.Release|x64.Build.0 = Release|Any CPU
		{814A8133-B285-4CA8-98FB-76607A668B32}.Release|x86.ActiveCfg = Release|Any CPU
		{814A8133-B285-4CA8-98FB-76607A668B32}.Release|x86.Build.0 = Release|Any CPU
		{CD7E9F47-E937-48AC-BABA-F441F17D301A}.Debug|Any CPU.ActiveCfg = Debug|Any CPU
		{CD7E9F47-E937-48AC-BABA-F441F17D301A}.Debug|Any CPU.Build.0 = Debug|Any CPU
		{CD7E9F47-E937-48AC-BABA-F441F17D301A}.Debug|x64.ActiveCfg = Debug|Any CPU
		{CD7E9F47-E937-48AC-BABA-F441F17D301A}.Debug|x64.Build.0 = Debug|Any CPU
		{CD7E9F47-E937-48AC-BABA-F441F17D301A}.Debug|x86.ActiveCfg = Debug|Any CPU
		{CD7E9F47-E937-48AC-BABA-F441F17D301A}.Debug|x86.Build.0 = Debug|Any CPU
		{CD7E9F47-E937-48AC-BABA-F441F17D301A}.Release|Any CPU.ActiveCfg = Release|Any CPU
		{CD7E9F47-E937-48AC-BABA-F441F17D301A}.Release|Any CPU.Build.0 = Release|Any CPU
		{CD7E9F47-E937-48AC-BABA-F441F17D301A}.Release|x64.ActiveCfg = Release|Any CPU
		{CD7E9F47-E937-48AC-BABA-F441F17D301A}.Release|x64.Build.0 = Release|Any CPU
		{CD7E9F47-E937-48AC-BABA-F441F17D301A}.Release|x86.ActiveCfg = Release|Any CPU
		{CD7E9F47-E937-48AC-BABA-F441F17D301A}.Release|x86.Build.0 = Release|Any CPU
		{72108044-F98F-4C93-9ED9-85CAE139D9F7}.Debug|Any CPU.ActiveCfg = Debug|Any CPU
		{72108044-F98F-4C93-9ED9-85CAE139D9F7}.Debug|Any CPU.Build.0 = Debug|Any CPU
		{72108044-F98F-4C93-9ED9-85CAE139D9F7}.Debug|x64.ActiveCfg = Debug|Any CPU
		{72108044-F98F-4C93-9ED9-85CAE139D9F7}.Debug|x64.Build.0 = Debug|Any CPU
		{72108044-F98F-4C93-9ED9-85CAE139D9F7}.Debug|x86.ActiveCfg = Debug|Any CPU
		{72108044-F98F-4C93-9ED9-85CAE139D9F7}.Debug|x86.Build.0 = Debug|Any CPU
		{72108044-F98F-4C93-9ED9-85CAE139D9F7}.Release|Any CPU.ActiveCfg = Release|Any CPU
		{72108044-F98F-4C93-9ED9-85CAE139D9F7}.Release|Any CPU.Build.0 = Release|Any CPU
		{72108044-F98F-4C93-9ED9-85CAE139D9F7}.Release|x64.ActiveCfg = Release|Any CPU
		{72108044-F98F-4C93-9ED9-85CAE139D9F7}.Release|x64.Build.0 = Release|Any CPU
		{72108044-F98F-4C93-9ED9-85CAE139D9F7}.Release|x86.ActiveCfg = Release|Any CPU
		{72108044-F98F-4C93-9ED9-85CAE139D9F7}.Release|x86.Build.0 = Release|Any CPU
		{9D3B91BF-FA02-4CCE-8A9E-8BB3BA7C409C}.Debug|Any CPU.ActiveCfg = Debug|Any CPU
		{9D3B91BF-FA02-4CCE-8A9E-8BB3BA7C409C}.Debug|Any CPU.Build.0 = Debug|Any CPU
		{9D3B91BF-FA02-4CCE-8A9E-8BB3BA7C409C}.Debug|x64.ActiveCfg = Debug|Any CPU
		{9D3B91BF-FA02-4CCE-8A9E-8BB3BA7C409C}.Debug|x64.Build.0 = Debug|Any CPU
		{9D3B91BF-FA02-4CCE-8A9E-8BB3BA7C409C}.Debug|x86.ActiveCfg = Debug|Any CPU
		{9D3B91BF-FA02-4CCE-8A9E-8BB3BA7C409C}.Debug|x86.Build.0 = Debug|Any CPU
		{9D3B91BF-FA02-4CCE-8A9E-8BB3BA7C409C}.Release|Any CPU.ActiveCfg = Release|Any CPU
		{9D3B91BF-FA02-4CCE-8A9E-8BB3BA7C409C}.Release|Any CPU.Build.0 = Release|Any CPU
		{9D3B91BF-FA02-4CCE-8A9E-8BB3BA7C409C}.Release|x64.ActiveCfg = Release|Any CPU
		{9D3B91BF-FA02-4CCE-8A9E-8BB3BA7C409C}.Release|x64.Build.0 = Release|Any CPU
		{9D3B91BF-FA02-4CCE-8A9E-8BB3BA7C409C}.Release|x86.ActiveCfg = Release|Any CPU
		{9D3B91BF-FA02-4CCE-8A9E-8BB3BA7C409C}.Release|x86.Build.0 = Release|Any CPU
	EndGlobalSection
	GlobalSection(SolutionProperties) = preSolution
		HideSolutionNode = FALSE
	EndGlobalSection
	GlobalSection(NestedProjects) = preSolution
		{C308DB58-9348-4F90-8C48-846CDB59F97C} = {09BE181F-9983-48CC-B5C2-F8AE49B34314}
		{68871374-87F0-42F3-A936-1D3D0C0D2D76} = {09BE181F-9983-48CC-B5C2-F8AE49B34314}
		{814A8133-B285-4CA8-98FB-76607A668B32} = {09BE181F-9983-48CC-B5C2-F8AE49B34314}
		{CD7E9F47-E937-48AC-BABA-F441F17D301A} = {09BE181F-9983-48CC-B5C2-F8AE49B34314}
		{72108044-F98F-4C93-9ED9-85CAE139D9F7} = {09BE181F-9983-48CC-B5C2-F8AE49B34314}
		{9D3B91BF-FA02-4CCE-8A9E-8BB3BA7C409C} = {09BE181F-9983-48CC-B5C2-F8AE49B34314}
	EndGlobalSection
	GlobalSection(ExtensibilityGlobals) = postSolution
		SolutionGuid = {896563FA-5A09-4B52-80BD-E30105E2C740}
	EndGlobalSection
EndGlobal
